
Microsoft Visual Studio Solution File, Format Version 12.00
# Visual Studio 15
VisualStudioVersion = 15.0.27130.2020
MinimumVisualStudioVersion = 10.0.40219.1
Project("{FAE04EC0-301F-11D3-BF4B-00C04F79EFBC}") = "StructuredLogging", "StructuredLogging\StructuredLogging.csproj", "{3736B7EC-3968-4226-8C67-052A8ED0FEF5}"
EndProject
Global
	GlobalSection(SolutionConfigurationPlatforms) = preSolution
		Debug|Any CPU = Debug|Any CPU
		Release|Any CPU = Release|Any CPU
	EndGlobalSection
	GlobalSection(ProjectConfigurationPlatforms) = postSolution
		{3736B7EC-3968-4226-8C67-052A8ED0FEF5}.Debug|Any CPU.ActiveCfg = Debug|Any CPU
		{3736B7EC-3968-4226-8C67-052A8ED0FEF5}.Debug|Any CPU.Build.0 = Debug|Any CPU
		{3736B7EC-3968-4226-8C67-052A8ED0FEF5}.Release|Any CPU.ActiveCfg = Release|Any CPU
		{3736B7EC-3968-4226-8C67-052A8ED0FEF5}.Release|Any CPU.Build.0 = Release|Any CPU
	EndGlobalSection
	GlobalSection(SolutionProperties) = preSolution
		HideSolutionNode = FALSE
	EndGlobalSection
	GlobalSection(ExtensibilityGlobals) = postSolution
		SolutionGuid = {D27F3762-85EE-4CCE-BBFC-1331BE7DE6FC}
	EndGlobalSection
EndGlobal
